// !$*UTF8*$!
{
	archiveVersion = 1;
	classes = {
	};
	objectVersion = 56;
	objects = {

/* Begin PBXBuildFile section */
		9675AA9929C2F4E800FC0DE8 /* AppDelegate.swift in Sources */ = {isa = PBXBuildFile; fileRef = 9675AA9829C2F4E800FC0DE8 /* AppDelegate.swift */; };
		9675AA9B29C2F4E800FC0DE8 /* SceneDelegate.swift in Sources */ = {isa = PBXBuildFile; fileRef = 9675AA9A29C2F4E800FC0DE8 /* SceneDelegate.swift */; };
		9675AA9D29C2F4E800FC0DE8 /* ViewController.swift in Sources */ = {isa = PBXBuildFile; fileRef = 9675AA9C29C2F4E800FC0DE8 /* ViewController.swift */; };
		9675AAA029C2F4E800FC0DE8 /* Main.storyboard in Resources */ = {isa = PBXBuildFile; fileRef = 9675AA9E29C2F4E800FC0DE8 /* Main.storyboard */; };
		9675AAA229C2F4E900FC0DE8 /* Assets.xcassets in Resources */ = {isa = PBXBuildFile; fileRef = 9675AAA129C2F4E900FC0DE8 /* Assets.xcassets */; };
		9675AAA529C2F4E900FC0DE8 /* LaunchScreen.storyboard in Resources */ = {isa = PBXBuildFile; fileRef = 9675AAA329C2F4E900FC0DE8 /* LaunchScreen.storyboard */; };
		9675AAB029C2F4E900FC0DE8 /* CustomCalenderTests.swift in Sources */ = {isa = PBXBuildFile; fileRef = 9675AAAF29C2F4E900FC0DE8 /* CustomCalenderTests.swift */; };
		9675AABA29C2F4E900FC0DE8 /* CustomCalenderUITests.swift in Sources */ = {isa = PBXBuildFile; fileRef = 9675AAB929C2F4E900FC0DE8 /* CustomCalenderUITests.swift */; };
		9675AABC29C2F4E900FC0DE8 /* CustomCalenderUITestsLaunchTests.swift in Sources */ = {isa = PBXBuildFile; fileRef = 9675AABB29C2F4E900FC0DE8 /* CustomCalenderUITestsLaunchTests.swift */; };
		9675AAC929C306BB00FC0DE8 /* CalenderCollectionViewCell.swift in Sources */ = {isa = PBXBuildFile; fileRef = 9675AAC829C306BB00FC0DE8 /* CalenderCollectionViewCell.swift */; };
		9675AACB29C313CD00FC0DE8 /* CalendarHelper.swift in Sources */ = {isa = PBXBuildFile; fileRef = 9675AACA29C313CD00FC0DE8 /* CalendarHelper.swift */; };
/* End PBXBuildFile section */

/* Begin PBXContainerItemProxy section */
		9675AAAC29C2F4E900FC0DE8 /* PBXContainerItemProxy */ = {
			isa = PBXContainerItemProxy;
			containerPortal = 9675AA8D29C2F4E800FC0DE8 /* Project object */;
			proxyType = 1;
			remoteGlobalIDString = 9675AA9429C2F4E800FC0DE8;
			remoteInfo = CustomCalender;
		};
		9675AAB629C2F4E900FC0DE8 /* PBXContainerItemProxy */ = {
			isa = PBXContainerItemProxy;
			containerPortal = 9675AA8D29C2F4E800FC0DE8 /* Project object */;
			proxyType = 1;
			remoteGlobalIDString = 9675AA9429C2F4E800FC0DE8;
			remoteInfo = CustomCalender;
		};
/* End PBXContainerItemProxy section */

/* Begin PBXFileReference section */
		9675AA9529C2F4E800FC0DE8 /* CustomCalender.app */ = {isa = PBXFileReference; explicitFileType = wrapper.application; includeInIndex = 0; path = CustomCalender.app; sourceTree = BUILT_PRODUCTS_DIR; };
		9675AA9829C2F4E800FC0DE8 /* AppDelegate.swift */ = {isa = PBXFileReference; lastKnownFileType = sourcecode.swift; path = AppDelegate.swift; sourceTree = "<group>"; };
		9675AA9A29C2F4E800FC0DE8 /* SceneDelegate.swift */ = {isa = PBXFileReference; lastKnownFileType = sourcecode.swift; path = SceneDelegate.swift; sourceTree = "<group>"; };
		9675AA9C29C2F4E800FC0DE8 /* ViewController.swift */ = {isa = PBXFileReference; lastKnownFileType = sourcecode.swift; path = ViewController.swift; sourceTree = "<group>"; };
		9675AA9F29C2F4E800FC0DE8 /* Base */ = {isa = PBXFileReference; lastKnownFileType = file.storyboard; name = Base; path = Base.lproj/Main.storyboard; sourceTree = "<group>"; };
		9675AAA129C2F4E900FC0DE8 /* Assets.xcassets */ = {isa = PBXFileReference; lastKnownFileType = folder.assetcatalog; path = Assets.xcassets; sourceTree = "<group>"; };
		9675AAA429C2F4E900FC0DE8 /* Base */ = {isa = PBXFileReference; lastKnownFileType = file.storyboard; name = Base; path = Base.lproj/LaunchScreen.storyboard; sourceTree = "<group>"; };
		9675AAA629C2F4E900FC0DE8 /* Info.plist */ = {isa = PBXFileReference; lastKnownFileType = text.plist.xml; path = Info.plist; sourceTree = "<group>"; };
		9675AAAB29C2F4E900FC0DE8 /* CustomCalenderTests.xctest */ = {isa = PBXFileReference; explicitFileType = wrapper.cfbundle; includeInIndex = 0; path = CustomCalenderTests.xctest; sourceTree = BUILT_PRODUCTS_DIR; };
		9675AAAF29C2F4E900FC0DE8 /* CustomCalenderTests.swift */ = {isa = PBXFileReference; lastKnownFileType = sourcecode.swift; path = CustomCalenderTests.swift; sourceTree = "<group>"; };
		9675AAB529C2F4E900FC0DE8 /* CustomCalenderUITests.xctest */ = {isa = PBXFileReference; explicitFileType = wrapper.cfbundle; includeInIndex = 0; path = CustomCalenderUITests.xctest; sourceTree = BUILT_PRODUCTS_DIR; };
		9675AAB929C2F4E900FC0DE8 /* CustomCalenderUITests.swift */ = {isa = PBXFileReference; lastKnownFileType = sourcecode.swift; path = CustomCalenderUITests.swift; sourceTree = "<group>"; };
		9675AABB29C2F4E900FC0DE8 /* CustomCalenderUITestsLaunchTests.swift */ = {isa = PBXFileReference; lastKnownFileType = sourcecode.swift; path = CustomCalenderUITestsLaunchTests.swift; sourceTree = "<group>"; };
		9675AAC829C306BB00FC0DE8 /* CalenderCollectionViewCell.swift */ = {isa = PBXFileReference; lastKnownFileType = sourcecode.swift; path = CalenderCollectionViewCell.swift; sourceTree = "<group>"; };
		9675AACA29C313CD00FC0DE8 /* CalendarHelper.swift */ = {isa = PBXFileReference; lastKnownFileType = sourcecode.swift; path = CalendarHelper.swift; sourceTree = "<group>"; };
/* End PBXFileReference section */

/* Begin PBXFrameworksBuildPhase section */
		9675AA9229C2F4E800FC0DE8 /* Frameworks */ = {
			isa = PBXFrameworksBuildPhase;
			buildActionMask = 2147483647;
			files = (
			);
			runOnlyForDeploymentPostprocessing = 0;
		};
		9675AAA829C2F4E900FC0DE8 /* Frameworks */ = {
			isa = PBXFrameworksBuildPhase;
			buildActionMask = 2147483647;
			files = (
			);
			runOnlyForDeploymentPostprocessing = 0;
		};
		9675AAB229C2F4E900FC0DE8 /* Frameworks */ = {
			isa = PBXFrameworksBuildPhase;
			buildActionMask = 2147483647;
			files = (
			);
			runOnlyForDeploymentPostprocessing = 0;
		};
/* End PBXFrameworksBuildPhase section */

/* Begin PBXGroup section */
		9675AA8C29C2F4E800FC0DE8 = {
			isa = PBXGroup;
			children = (
				9675AA9729C2F4E800FC0DE8 /* CustomCalender */,
				9675AAAE29C2F4E900FC0DE8 /* CustomCalenderTests */,
				9675AAB829C2F4E900FC0DE8 /* CustomCalenderUITests */,
				9675AA9629C2F4E800FC0DE8 /* Products */,
			);
			sourceTree = "<group>";
		};
		9675AA9629C2F4E800FC0DE8 /* Products */ = {
			isa = PBXGroup;
			children = (
				9675AA9529C2F4E800FC0DE8 /* CustomCalender.app */,
				9675AAAB29C2F4E900FC0DE8 /* CustomCalenderTests.xctest */,
				9675AAB529C2F4E900FC0DE8 /* CustomCalenderUITests.xctest */,
			);
			name = Products;
			sourceTree = "<group>";
		};
		9675AA9729C2F4E800FC0DE8 /* CustomCalender */ = {
			isa = PBXGroup;
			children = (
				9675AA9829C2F4E800FC0DE8 /* AppDelegate.swift */,
				9675AA9A29C2F4E800FC0DE8 /* SceneDelegate.swift */,
				9675AA9C29C2F4E800FC0DE8 /* ViewController.swift */,
				9675AACA29C313CD00FC0DE8 /* CalendarHelper.swift */,
				9675AA9E29C2F4E800FC0DE8 /* Main.storyboard */,
				9675AAC829C306BB00FC0DE8 /* CalenderCollectionViewCell.swift */,
				9675AAA129C2F4E900FC0DE8 /* Assets.xcassets */,
				9675AAA329C2F4E900FC0DE8 /* LaunchScreen.storyboard */,
				9675AAA629C2F4E900FC0DE8 /* Info.plist */,
			);
			path = CustomCalender;
			sourceTree = "<group>";
		};
		9675AAAE29C2F4E900FC0DE8 /* CustomCalenderTests */ = {
			isa = PBXGroup;
			children = (
				9675AAAF29C2F4E900FC0DE8 /* CustomCalenderTests.swift */,
			);
			path = CustomCalenderTests;
			sourceTree = "<group>";
		};
		9675AAB829C2F4E900FC0DE8 /* CustomCalenderUITests */ = {
			isa = PBXGroup;
			children = (
				9675AAB929C2F4E900FC0DE8 /* CustomCalenderUITests.swift */,
				9675AABB29C2F4E900FC0DE8 /* CustomCalenderUITestsLaunchTests.swift */,
			);
			path = CustomCalenderUITests;
			sourceTree = "<group>";
		};
/* End PBXGroup section */

/* Begin PBXNativeTarget section */
		9675AA9429C2F4E800FC0DE8 /* CustomCalender */ = {
			isa = PBXNativeTarget;
			buildConfigurationList = 9675AABF29C2F4E900FC0DE8 /* Build configuration list for PBXNativeTarget "CustomCalender" */;
			buildPhases = (
				9675AA9129C2F4E800FC0DE8 /* Sources */,
				9675AA9229C2F4E800FC0DE8 /* Frameworks */,
				9675AA9329C2F4E800FC0DE8 /* Resources */,
			);
			buildRules = (
			);
			dependencies = (
			);
			name = CustomCalender;
			productName = CustomCalender;
			productReference = 9675AA9529C2F4E800FC0DE8 /* CustomCalender.app */;
			productType = "com.apple.product-type.application";
		};
		9675AAAA29C2F4E900FC0DE8 /* CustomCalenderTests */ = {
			isa = PBXNativeTarget;
			buildConfigurationList = 9675AAC229C2F4E900FC0DE8 /* Build configuration list for PBXNativeTarget "CustomCalenderTests" */;
			buildPhases = (
				9675AAA729C2F4E900FC0DE8 /* Sources */,
				9675AAA829C2F4E900FC0DE8 /* Frameworks */,
				9675AAA929C2F4E900FC0DE8 /* Resources */,
			);
			buildRules = (
			);
			dependencies = (
				9675AAAD29C2F4E900FC0DE8 /* PBXTargetDependency */,
			);
			name = CustomCalenderTests;
			productName = CustomCalenderTests;
			productReference = 9675AAAB29C2F4E900FC0DE8 /* CustomCalenderTests.xctest */;
			productType = "com.apple.product-type.bundle.unit-test";
		};
		9675AAB429C2F4E900FC0DE8 /* CustomCalenderUITests */ = {
			isa = PBXNativeTarget;
			buildConfigurationList = 9675AAC529C2F4E900FC0DE8 /* Build configuration list for PBXNativeTarget "CustomCalenderUITests" */;
			buildPhases = (
				9675AAB129C2F4E900FC0DE8 /* Sources */,
				9675AAB229C2F4E900FC0DE8 /* Frameworks */,
				9675AAB329C2F4E900FC0DE8 /* Resources */,
			);
			buildRules = (
			);
			dependencies = (
				9675AAB729C2F4E900FC0DE8 /* PBXTargetDependency */,
			);
			name = CustomCalenderUITests;
			productName = CustomCalenderUITests;
			productReference = 9675AAB529C2F4E900FC0DE8 /* CustomCalenderUITests.xctest */;
			productType = "com.apple.product-type.bundle.ui-testing";
		};
/* End PBXNativeTarget section */

/* Begin PBXProject section */
		9675AA8D29C2F4E800FC0DE8 /* Project object */ = {
			isa = PBXProject;
			attributes = {
				BuildIndependentTargetsInParallel = 1;
				LastSwiftUpdateCheck = 1420;
				LastUpgradeCheck = 1420;
				TargetAttributes = {
					9675AA9429C2F4E800FC0DE8 = {
						CreatedOnToolsVersion = 14.2;
					};
					9675AAAA29C2F4E900FC0DE8 = {
						CreatedOnToolsVersion = 14.2;
						TestTargetID = 9675AA9429C2F4E800FC0DE8;
					};
					9675AAB429C2F4E900FC0DE8 = {
						CreatedOnToolsVersion = 14.2;
						TestTargetID = 9675AA9429C2F4E800FC0DE8;
					};
				};
			};
			buildConfigurationList = 9675AA9029C2F4E800FC0DE8 /* Build configuration list for PBXProject "CustomCalender" */;
			compatibilityVersion = "Xcode 14.0";
			developmentRegion = en;
			hasScannedForEncodings = 0;
			knownRegions = (
				en,
				Base,
			);
			mainGroup = 9675AA8C29C2F4E800FC0DE8;
			productRefGroup = 9675AA9629C2F4E800FC0DE8 /* Products */;
			projectDirPath = "";
			projectRoot = "";
			targets = (
				9675AA9429C2F4E800FC0DE8 /* CustomCalender */,
				9675AAAA29C2F4E900FC0DE8 /* CustomCalenderTests */,
				9675AAB429C2F4E900FC0DE8 /* CustomCalenderUITests */,
			);
		};
/* End PBXProject section */

/* Begin PBXResourcesBuildPhase section */
		9675AA9329C2F4E800FC0DE8 /* Resources */ = {
			isa = PBXResourcesBuildPhase;
			buildActionMask = 2147483647;
			files = (
				9675AAA529C2F4E900FC0DE8 /* LaunchScreen.storyboard in Resources */,
				9675AAA229C2F4E900FC0DE8 /* Assets.xcassets in Resources */,
				9675AAA029C2F4E800FC0DE8 /* Main.storyboard in Resources */,
			);
			runOnlyForDeploymentPostprocessing = 0;
		};
		9675AAA929C2F4E900FC0DE8 /* Resources */ = {
			isa = PBXResourcesBuildPhase;
			buildActionMask = 2147483647;
			files = (
			);
			runOnlyForDeploymentPostprocessing = 0;
		};
		9675AAB329C2F4E900FC0DE8 /* Resources */ = {
			isa = PBXResourcesBuildPhase;
			buildActionMask = 2147483647;
			files = (
			);
			runOnlyForDeploymentPostprocessing = 0;
		};
/* End PBXResourcesBuildPhase section */

/* Begin PBXSourcesBuildPhase section */
		9675AA9129C2F4E800FC0DE8 /* Sources */ = {
			isa = PBXSourcesBuildPhase;
			buildActionMask = 2147483647;
			files = (
				9675AACB29C313CD00FC0DE8 /* CalendarHelper.swift in Sources */,
				9675AAC929C306BB00FC0DE8 /* CalenderCollectionViewCell.swift in Sources */,
				9675AA9D29C2F4E800FC0DE8 /* ViewController.swift in Sources */,
				9675AA9929C2F4E800FC0DE8 /* AppDelegate.swift in Sources */,
				9675AA9B29C2F4E800FC0DE8 /* SceneDelegate.swift in Sources */,
			);
			runOnlyForDeploymentPostprocessing = 0;
		};
		9675AAA729C2F4E900FC0DE8 /* Sources */ = {
			isa = PBXSourcesBuildPhase;
			buildActionMask = 2147483647;
			files = (
				9675AAB029C2F4E900FC0DE8 /* CustomCalenderTests.swift in Sources */,
			);
			runOnlyForDeploymentPostprocessing = 0;
		};
		9675AAB129C2F4E900FC0DE8 /* Sources */ = {
			isa = PBXSourcesBuildPhase;
			buildActionMask = 2147483647;
			files = (
				9675AABA29C2F4E900FC0DE8 /* CustomCalenderUITests.swift in Sources */,
				9675AABC29C2F4E900FC0DE8 /* CustomCalenderUITestsLaunchTests.swift in Sources */,
			);
			runOnlyForDeploymentPostprocessing = 0;
		};
/* End PBXSourcesBuildPhase section */

/* Begin PBXTargetDependency section */
		9675AAAD29C2F4E900FC0DE8 /* PBXTargetDependency */ = {
			isa = PBXTargetDependency;
			target = 9675AA9429C2F4E800FC0DE8 /* CustomCalender */;
			targetProxy = 9675AAAC29C2F4E900FC0DE8 /* PBXContainerItemProxy */;
		};
		9675AAB729C2F4E900FC0DE8 /* PBXTargetDependency */ = {
			isa = PBXTargetDependency;
			target = 9675AA9429C2F4E800FC0DE8 /* CustomCalender */;
			targetProxy = 9675AAB629C2F4E900FC0DE8 /* PBXContainerItemProxy */;
		};
/* End PBXTargetDependency section */

/* Begin PBXVariantGroup section */
		9675AA9E29C2F4E800FC0DE8 /* Main.storyboard */ = {
			isa = PBXVariantGroup;
			children = (
				9675AA9F29C2F4E800FC0DE8 /* Base */,
			);
			name = Main.storyboard;
			sourceTree = "<group>";
		};
		9675AAA329C2F4E900FC0DE8 /* LaunchScreen.storyboard */ = {
			isa = PBXVariantGroup;
			children = (
				9675AAA429C2F4E900FC0DE8 /* Base */,
			);
			name = LaunchScreen.storyboard;
			sourceTree = "<group>";
		};
/* End PBXVariantGroup section */

/* Begin XCBuildConfiguration section */
		9675AABD29C2F4E900FC0DE8 /* Debug */ = {
			isa = XCBuildConfiguration;
			buildSettings = {
				ALWAYS_SEARCH_USER_PATHS = NO;
				CLANG_ANALYZER_NONNULL = YES;
				CLANG_ANALYZER_NUMBER_OBJECT_CONVERSION = YES_AGGRESSIVE;
				CLANG_CXX_LANGUAGE_STANDARD = "gnu++20";
				CLANG_ENABLE_MODULES = YES;
				CLANG_ENABLE_OBJC_ARC = YES;
				CLANG_ENABLE_OBJC_WEAK = YES;
				CLANG_WARN_BLOCK_CAPTURE_AUTORELEASING = YES;
				CLANG_WARN_BOOL_CONVERSION = YES;
				CLANG_WARN_COMMA = YES;
				CLANG_WARN_CONSTANT_CONVERSION = YES;
				CLANG_WARN_DEPRECATED_OBJC_IMPLEMENTATIONS = YES;
				CLANG_WARN_DIRECT_OBJC_ISA_USAGE = YES_ERROR;
				CLANG_WARN_DOCUMENTATION_COMMENTS = YES;
				CLANG_WARN_EMPTY_BODY = YES;
				CLANG_WARN_ENUM_CONVERSION = YES;
				CLANG_WARN_INFINITE_RECURSION = YES;
				CLANG_WARN_INT_CONVERSION = YES;
				CLANG_WARN_NON_LITERAL_NULL_CONVERSION = YES;
				CLANG_WARN_OBJC_IMPLICIT_RETAIN_SELF = YES;
				CLANG_WARN_OBJC_LITERAL_CONVERSION = YES;
				CLANG_WARN_OBJC_ROOT_CLASS = YES_ERROR;
				CLANG_WARN_QUOTED_INCLUDE_IN_FRAMEWORK_HEADER = YES;
				CLANG_WARN_RANGE_LOOP_ANALYSIS = YES;
				CLANG_WARN_STRICT_PROTOTYPES = YES;
				CLANG_WARN_SUSPICIOUS_MOVE = YES;
				CLANG_WARN_UNGUARDED_AVAILABILITY = YES_AGGRESSIVE;
				CLANG_WARN_UNREACHABLE_CODE = YES;
				CLANG_WARN__DUPLICATE_METHOD_MATCH = YES;
				COPY_PHASE_STRIP = NO;
				DEBUG_INFORMATION_FORMAT = dwarf;
				ENABLE_STRICT_OBJC_MSGSEND = YES;
				ENABLE_TESTABILITY = YES;
				GCC_C_LANGUAGE_STANDARD = gnu11;
				GCC_DYNAMIC_NO_PIC = NO;
				GCC_NO_COMMON_BLOCKS = YES;
				GCC_OPTIMIZATION_LEVEL = 0;
				GCC_PREPROCESSOR_DEFINITIONS = (
					"DEBUG=1",
					"$(inherited)",
				);
				GCC_WARN_64_TO_32_BIT_CONVERSION = YES;
				GCC_WARN_ABOUT_RETURN_TYPE = YES_ERROR;
				GCC_WARN_UNDECLARED_SELECTOR = YES;
				GCC_WARN_UNINITIALIZED_AUTOS = YES_AGGRESSIVE;
				GCC_WARN_UNUSED_FUNCTION = YES;
				GCC_WARN_UNUSED_VARIABLE = YES;
				IPHONEOS_DEPLOYMENT_TARGET = 16.2;
				MTL_ENABLE_DEBUG_INFO = INCLUDE_SOURCE;
				MTL_FAST_MATH = YES;
				ONLY_ACTIVE_ARCH = YES;
				SDKROOT = iphoneos;
				SWIFT_ACTIVE_COMPILATION_CONDITIONS = DEBUG;
				SWIFT_OPTIMIZATION_LEVEL = "-Onone";
			};
			name = Debug;
		};
		9675AABE29C2F4E900FC0DE8 /* Release */ = {
			isa = XCBuildConfiguration;
			buildSettings = {
				ALWAYS_SEARCH_USER_PATHS = NO;
				CLANG_ANALYZER_NONNULL = YES;
				CLANG_ANALYZER_NUMBER_OBJECT_CONVERSION = YES_AGGRESSIVE;
				CLANG_CXX_LANGUAGE_STANDARD = "gnu++20";
				CLANG_ENABLE_MODULES = YES;
				CLANG_ENABLE_OBJC_ARC = YES;
				CLANG_ENABLE_OBJC_WEAK = YES;
				CLANG_WARN_BLOCK_CAPTURE_AUTORELEASING = YES;
				CLANG_WARN_BOOL_CONVERSION = YES;
				CLANG_WARN_COMMA = YES;
				CLANG_WARN_CONSTANT_CONVERSION = YES;
				CLANG_WARN_DEPRECATED_OBJC_IMPLEMENTATIONS = YES;
				CLANG_WARN_DIRECT_OBJC_ISA_USAGE = YES_ERROR;
				CLANG_WARN_DOCUMENTATION_COMMENTS = YES;
				CLANG_WARN_EMPTY_BODY = YES;
				CLANG_WARN_ENUM_CONVERSION = YES;
				CLANG_WARN_INFINITE_RECURSION = YES;
				CLANG_WARN_INT_CONVERSION = YES;
				CLANG_WARN_NON_LITERAL_NULL_CONVERSION = YES;
				CLANG_WARN_OBJC_IMPLICIT_RETAIN_SELF = YES;
				CLANG_WARN_OBJC_LITERAL_CONVERSION = YES;
				CLANG_WARN_OBJC_ROOT_CLASS = YES_ERROR;
				CLANG_WARN_QUOTED_INCLUDE_IN_FRAMEWORK_HEADER = YES;
				CLANG_WARN_RANGE_LOOP_ANALYSIS = YES;
				CLANG_WARN_STRICT_PROTOTYPES = YES;
				CLANG_WARN_SUSPICIOUS_MOVE = YES;
				CLANG_WARN_UNGUARDED_AVAILABILITY = YES_AGGRESSIVE;
				CLANG_WARN_UNREACHABLE_CODE = YES;
				CLANG_WARN__DUPLICATE_METHOD_MATCH = YES;
				COPY_PHASE_STRIP = NO;
				DEBUG_INFORMATION_FORMAT = "dwarf-with-dsym";
				ENABLE_NS_ASSERTIONS = NO;
				ENABLE_STRICT_OBJC_MSGSEND = YES;
				GCC_C_LANGUAGE_STANDARD = gnu11;
				GCC_NO_COMMON_BLOCKS = YES;
				GCC_WARN_64_TO_32_BIT_CONVERSION = YES;
				GCC_WARN_ABOUT_RETURN_TYPE = YES_ERROR;
				GCC_WARN_UNDECLARED_SELECTOR = YES;
				GCC_WARN_UNINITIALIZED_AUTOS = YES_AGGRESSIVE;
				GCC_WARN_UNUSED_FUNCTION = YES;
				GCC_WARN_UNUSED_VARIABLE = YES;
				IPHONEOS_DEPLOYMENT_TARGET = 16.2;
				MTL_ENABLE_DEBUG_INFO = NO;
				MTL_FAST_MATH = YES;
				SDKROOT = iphoneos;
				SWIFT_COMPILATION_MODE = wholemodule;
				SWIFT_OPTIMIZATION_LEVEL = "-O";
				VALIDATE_PRODUCT = YES;
			};
			name = Release;
		};
		9675AAC029C2F4E900FC0DE8 /* Debug */ = {
			isa = XCBuildConfiguration;
			buildSettings = {
				ASSETCATALOG_COMPILER_APPICON_NAME = AppIcon;
				ASSETCATALOG_COMPILER_GLOBAL_ACCENT_COLOR_NAME = AccentColor;
				CODE_SIGN_STYLE = Automatic;
				CURRENT_PROJECT_VERSION = 1;
				GENERATE_INFOPLIST_FILE = YES;
				INFOPLIST_FILE = CustomCalender/Info.plist;
				INFOPLIST_KEY_UIApplicationSupportsIndirectInputEvents = YES;
				INFOPLIST_KEY_UILaunchStoryboardName = LaunchScreen;
				INFOPLIST_KEY_UIMainStoryboardFile = Main;
				INFOPLIST_KEY_UISupportedInterfaceOrientations_iPad = "UIInterfaceOrientationPortrait UIInterfaceOrientationPortraitUpsideDown UIInterfaceOrientationLandscapeLeft UIInterfaceOrientationLandscapeRight";
				INFOPLIST_KEY_UISupportedInterfaceOrientations_iPhone = "UIInterfaceOrientationPortrait UIInterfaceOrientationLandscapeLeft UIInterfaceOrientationLandscapeRight";
				LD_RUNPATH_SEARCH_PATHS = (
					"$(inherited)",
					"@executable_path/Frameworks",
				);
				MARKETING_VERSION = 1.0;
				PRODUCT_BUNDLE_IDENTIFIER = com.jason.CustomCalender;
				PRODUCT_NAME = "$(TARGET_NAME)";
				SWIFT_EMIT_LOC_STRINGS = YES;
				SWIFT_VERSION = 5.0;
				TARGETED_DEVICE_FAMILY = "1,2";
			};
			name = Debug;
		};
		9675AAC129C2F4E900FC0DE8 /* Release */ = {
			isa = XCBuildConfiguration;
			buildSettings = {
				ASSETCATALOG_COMPILER_APPICON_NAME = AppIcon;
				ASSETCATALOG_COMPILER_GLOBAL_ACCENT_COLOR_NAME = AccentColor;
				CODE_SIGN_STYLE = Automatic;
				CURRENT_PROJECT_VERSION = 1;
				GENERATE_INFOPLIST_FILE = YES;
				INFOPLIST_FILE = CustomCalender/Info.plist;
				INFOPLIST_KEY_UIApplicationSupportsIndirectInputEvents = YES;
				INFOPLIST_KEY_UILaunchStoryboardName = LaunchScreen;
				INFOPLIST_KEY_UIMainStoryboardFile = Main;
				INFOPLIST_KEY_UISupportedInterfaceOrientations_iPad = "UIInterfaceOrientationPortrait UIInterfaceOrientationPortraitUpsideDown UIInterfaceOrientationLandscapeLeft UIInterfaceOrientationLandscapeRight";
				INFOPLIST_KEY_UISupportedInterfaceOrientations_iPhone = "UIInterfaceOrientationPortrait UIInterfaceOrientationLandscapeLeft UIInterfaceOrientationLandscapeRight";
				LD_RUNPATH_SEARCH_PATHS = (
					"$(inherited)",
					"@executable_path/Frameworks",
				);
				MARKETING_VERSION = 1.0;
				PRODUCT_BUNDLE_IDENTIFIER = com.jason.CustomCalender;
				PRODUCT_NAME = "$(TARGET_NAME)";
				SWIFT_EMIT_LOC_STRINGS = YES;
				SWIFT_VERSION = 5.0;
				TARGETED_DEVICE_FAMILY = "1,2";
			};
			name = Release;
		};
		9675AAC329C2F4E900FC0DE8 /* Debug */ = {
			isa = XCBuildConfiguration;
			buildSettings = {
				ALWAYS_EMBED_SWIFT_STANDARD_LIBRARIES = YES;
				BUNDLE_LOADER = "$(TEST_HOST)";
				CODE_SIGN_STYLE = Automatic;
				CURRENT_PROJECT_VERSION = 1;
				GENERATE_INFOPLIST_FILE = YES;
				IPHONEOS_DEPLOYMENT_TARGET = 16.2;
				MARKETING_VERSION = 1.0;
				PRODUCT_BUNDLE_IDENTIFIER = com.jason.CustomCalenderTests;
				PRODUCT_NAME = "$(TARGET_NAME)";
				SWIFT_EMIT_LOC_STRINGS = NO;
				SWIFT_VERSION = 5.0;
				TARGETED_DEVICE_FAMILY = "1,2";
				TEST_HOST = "$(BUILT_PRODUCTS_DIR)/CustomCalender.app/$(BUNDLE_EXECUTABLE_FOLDER_PATH)/CustomCalender";
			};
			name = Debug;
		};
		9675AAC429C2F4E900FC0DE8 /* Release */ = {
			isa = XCBuildConfiguration;
			buildSettings = {
				ALWAYS_EMBED_SWIFT_STANDARD_LIBRARIES = YES;
				BUNDLE_LOADER = "$(TEST_HOST)";
				CODE_SIGN_STYLE = Automatic;
				CURRENT_PROJECT_VERSION = 1;
				GENERATE_INFOPLIST_FILE = YES;
				IPHONEOS_DEPLOYMENT_TARGET = 16.2;
				MARKETING_VERSION = 1.0;
				PRODUCT_BUNDLE_IDENTIFIER = com.jason.CustomCalenderTests;
				PRODUCT_NAME = "$(TARGET_NAME)";
				SWIFT_EMIT_LOC_STRINGS = NO;
				SWIFT_VERSION = 5.0;
				TARGETED_DEVICE_FAMILY = "1,2";
				TEST_HOST = "$(BUILT_PRODUCTS_DIR)/CustomCalender.app/$(BUNDLE_EXECUTABLE_FOLDER_PATH)/CustomCalender";
			};
			name = Release;
		};
		9675AAC629C2F4E900FC0DE8 /* Debug */ = {
			isa = XCBuildConfiguration;
			buildSettings = {
				ALWAYS_EMBED_SWIFT_STANDARD_LIBRARIES = YES;
				CODE_SIGN_STYLE = Automatic;
				CURRENT_PROJECT_VERSION = 1;
				GENERATE_INFOPLIST_FILE = YES;
				MARKETING_VERSION = 1.0;
				PRODUCT_BUNDLE_IDENTIFIER = com.jason.CustomCalenderUITests;
				PRODUCT_NAME = "$(TARGET_NAME)";
				SWIFT_EMIT_LOC_STRINGS = NO;
				SWIFT_VERSION = 5.0;
				TARGETED_DEVICE_FAMILY = "1,2";
				TEST_TARGET_NAME = CustomCalender;
			};
			name = Debug;
		};
		9675AAC729C2F4E900FC0DE8 /* Release */ = {
			isa = XCBuildConfiguration;
			buildSettings = {
				ALWAYS_EMBED_SWIFT_STANDARD_LIBRARIES = YES;
				CODE_SIGN_STYLE = Automatic;
				CURRENT_PROJECT_VERSION = 1;
				GENERATE_INFOPLIST_FILE = YES;
				MARKETING_VERSION = 1.0;
				PRODUCT_BUNDLE_IDENTIFIER = com.jason.CustomCalenderUITests;
				PRODUCT_NAME = "$(TARGET_NAME)";
				SWIFT_EMIT_LOC_STRINGS = NO;
				SWIFT_VERSION = 5.0;
				TARGETED_DEVICE_FAMILY = "1,2";
				TEST_TARGET_NAME = CustomCalender;
			};
			name = Release;
		};
/* End XCBuildConfiguration section */

/* Begin XCConfigurationList section */
		9675AA9029C2F4E800FC0DE8 /* Build configuration list for PBXProject "CustomCalender" */ = {
			isa = XCConfigurationList;
			buildConfigurations = (
				9675AABD29C2F4E900FC0DE8 /* Debug */,
				9675AABE29C2F4E900FC0DE8 /* Release */,
			);
			defaultConfigurationIsVisible = 0;
			defaultConfigurationName = Release;
		};
		9675AABF29C2F4E900FC0DE8 /* Build configuration list for PBXNativeTarget "CustomCalender" */ = {
			isa = XCConfigurationList;
			buildConfigurations = (
				9675AAC029C2F4E900FC0DE8 /* Debug */,
				9675AAC129C2F4E900FC0DE8 /* Release */,
			);
			defaultConfigurationIsVisible = 0;
			defaultConfigurationName = Release;
		};
		9675AAC229C2F4E900FC0DE8 /* Build configuration list for PBXNativeTarget "CustomCalenderTests" */ = {
			isa = XCConfigurationList;
			buildConfigurations = (
				9675AAC329C2F4E900FC0DE8 /* Debug */,
				9675AAC429C2F4E900FC0DE8 /* Release */,
			);
			defaultConfigurationIsVisible = 0;
			defaultConfigurationName = Release;
		};
		9675AAC529C2F4E900FC0DE8 /* Build configuration list for PBXNativeTarget "CustomCalenderUITests" */ = {
			isa = XCConfigurationList;
			buildConfigurations = (
				9675AAC629C2F4E900FC0DE8 /* Debug */,
				9675AAC729C2F4E900FC0DE8 /* Release */,
			);
			defaultConfigurationIsVisible = 0;
			defaultConfigurationName = Release;
		};
/* End XCConfigurationList section */
	};
	rootObject = 9675AA8D29C2F4E800FC0DE8 /* Project object */;
}
